
Microsoft Visual Studio Solution File, Format Version 12.00
# Visual Studio Version 16
VisualStudioVersion = 16.0.31613.86
MinimumVisualStudioVersion = 10.0.40219.1
Project("{9A19103F-16F7-4668-BE54-9A1E7A4F7556}") = "LibrarySample.WebApi", "LibrarySample.WebApi\LibrarySample.WebApi.csproj", "{9CBCFDE3-65A6-400D-9D7A-B09680883341}"
EndProject
Project("{FAE04EC0-301F-11D3-BF4B-00C04F79EFBC}") = "LibrarySample.Tests", "LibrarySample.Tests\LibrarySample.Tests.csproj", "{73D4AAF8-F0D8-4B38-B6A7-14E2D208A53D}"
EndProject
Global
	GlobalSection(SolutionConfigurationPlatforms) = preSolution
		Debug|Any CPU = Debug|Any CPU
		Release|Any CPU = Release|Any CPU
	EndGlobalSection
	GlobalSection(ProjectConfigurationPlatforms) = postSolution
		{9CBCFDE3-65A6-400D-9D7A-B09680883341}.Debug|Any CPU.ActiveCfg = Debug|Any CPU
		{9CBCFDE3-65A6-400D-9D7A-B09680883341}.Debug|Any CPU.Build.0 = Debug|Any CPU
		{9CBCFDE3-65A6-400D-9D7A-B09680883341}.Release|Any CPU.ActiveCfg = Release|Any CPU
		{9CBCFDE3-65A6-400D-9D7A-B09680883341}.Release|Any CPU.Build.0 = Release|Any CPU
		{73D4AAF8-F0D8-4B38-B6A7-14E2D208A53D}.Debug|Any CPU.ActiveCfg = Debug|Any CPU
		{73D4AAF8-F0D8-4B38-B6A7-14E2D208A53D}.Debug|Any CPU.Build.0 = Debug|Any CPU
		{73D4AAF8-F0D8-4B38-B6A7-14E2D208A53D}.Release|Any CPU.ActiveCfg = Release|Any CPU
		{73D4AAF8-F0D8-4B38-B6A7-14E2D208A53D}.Release|Any CPU.Build.0 = Release|Any CPU
	EndGlobalSection
	GlobalSection(SolutionProperties) = preSolution
		HideSolutionNode = FALSE
	EndGlobalSection
	GlobalSection(ExtensibilityGlobals) = postSolution
		SolutionGuid = {0946F929-48F6-408A-A2FE-2EF47AB4FEF5}
	EndGlobalSection
EndGlobal
